
Microsoft Visual Studio Solution File, Format Version 12.00
# Visual Studio Version 17
VisualStudioVersion = 17.14.36429.23
MinimumVisualStudioVersion = 10.0.40219.1
Project("{8BC9CEB8-8B4A-11D0-8D11-00A0C91BC942}") = "paq8sfx", "src\paq8sfx.vcxproj", "{9E2C931B-06D2-4FCF-B042-FA634E5F8CEC}"
EndProject
Global
	GlobalSection(SolutionConfigurationPlatforms) = preSolution
		Debug|x64 = Debug|x64
		Debug|x86 = Debug|x86
		Release-FULL|x64 = Release-FULL|x64
		Release-FULL|x86 = Release-FULL|x86
		Release-SFX|x64 = Release-SFX|x64
		Release-SFX|x86 = Release-SFX|x86
		Release-SFX-Free|x64 = Release-SFX-Free|x64
		Release-SFX-Free|x86 = Release-SFX-Free|x86
	EndGlobalSection
	GlobalSection(ProjectConfigurationPlatforms) = postSolution
		{9E2C931B-06D2-4FCF-B042-FA634E5F8CEC}.Debug|x64.ActiveCfg = Debug|x64
		{9E2C931B-06D2-4FCF-B042-FA634E5F8CEC}.Debug|x64.Build.0 = Debug|x64
		{9E2C931B-06D2-4FCF-B042-FA634E5F8CEC}.Debug|x86.ActiveCfg = Debug|Win32
		{9E2C931B-06D2-4FCF-B042-FA634E5F8CEC}.Debug|x86.Build.0 = Debug|Win32
		{9E2C931B-06D2-4FCF-B042-FA634E5F8CEC}.Release-FULL|x64.ActiveCfg = Release-FULL|x64
		{9E2C931B-06D2-4FCF-B042-FA634E5F8CEC}.Release-FULL|x64.Build.0 = Release-FULL|x64
		{9E2C931B-06D2-4FCF-B042-FA634E5F8CEC}.Release-FULL|x86.ActiveCfg = Release-FULL|Win32
		{9E2C931B-06D2-4FCF-B042-FA634E5F8CEC}.Release-FULL|x86.Build.0 = Release-FULL|Win32
		{9E2C931B-06D2-4FCF-B042-FA634E5F8CEC}.Release-SFX|x64.ActiveCfg = Release-SFX|x64
		{9E2C931B-06D2-4FCF-B042-FA634E5F8CEC}.Release-SFX|x64.Build.0 = Release-SFX|x64
		{9E2C931B-06D2-4FCF-B042-FA634E5F8CEC}.Release-SFX|x86.ActiveCfg = Release-SFX|Win32
		{9E2C931B-06D2-4FCF-B042-FA634E5F8CEC}.Release-SFX|x86.Build.0 = Release-SFX|Win32
		{9E2C931B-06D2-4FCF-B042-FA634E5F8CEC}.Release-SFX-Free|x64.ActiveCfg = Release-SFX-Free|x64
		{9E2C931B-06D2-4FCF-B042-FA634E5F8CEC}.Release-SFX-Free|x64.Build.0 = Release-SFX-Free|x64
		{9E2C931B-06D2-4FCF-B042-FA634E5F8CEC}.Release-SFX-Free|x86.ActiveCfg = Release-SFX-Free|x64
	EndGlobalSection
	GlobalSection(SolutionProperties) = preSolution
		HideSolutionNode = FALSE
	EndGlobalSection
	GlobalSection(ExtensibilityGlobals) = postSolution
		SolutionGuid = {43384B94-F306-443E-939D-E5B15AA6F019}
	EndGlobalSection
EndGlobal
